
Microsoft Visual Studio Solution File, Format Version 12.00
# Visual Studio Version 16
VisualStudioVersion = 16.0.29613.14
MinimumVisualStudioVersion = 10.0.40219.1
Project("{2150E333-8FDC-42A3-9474-1A3956D46DE8}") = "apis", "apis", "{27E943F6-506D-4C0A-991D-F69D84BBDD3B}"
EndProject
Project("{9A19103F-16F7-4668-BE54-9A1E7A4F7556}") = "UserApi", "User\UserApi\UserApi.csproj", "{D0C941B5-6B9C-4D20-9FE4-171A585DB9FB}"
EndProject
Project("{E53339B2-1760-4266-BCC7-CA923CBCF16C}") = "docker-compose", "docker-compose.dcproj", "{CF272698-605A-4CAB-A372-F973C96F7ECA}"
EndProject
Project("{2150E333-8FDC-42A3-9474-1A3956D46DE8}") = "Invoice", "Invoice", "{5A1C51DB-EA41-4607-A9CA-19D8AE567589}"
EndProject
Project("{2150E333-8FDC-42A3-9474-1A3956D46DE8}") = "User", "User", "{15B7CE56-8A6D-49D5-A98E-AD497377AB93}"
EndProject
Project("{9A19103F-16F7-4668-BE54-9A1E7A4F7556}") = "InvoiceApi", "Invoice\InvoiceApi\InvoiceApi.csproj", "{58203CE8-1853-40E4-AE6F-37FBA227F210}"
EndProject
Project("{2150E333-8FDC-42A3-9474-1A3956D46DE8}") = "Basket", "Basket", "{CB1E9D2D-779F-465E-8C00-2DE0B335479A}"
EndProject
Project("{FAE04EC0-301F-11D3-BF4B-00C04F79EFBC}") = "Basket.Api", "Basket\Basket.Api\Basket.Api.csproj", "{5D228C31-D605-4B1B-AE3A-E9683707EC74}"
EndProject
Global
	GlobalSection(SolutionConfigurationPlatforms) = preSolution
		Debug|Any CPU = Debug|Any CPU
		Release|Any CPU = Release|Any CPU
	EndGlobalSection
	GlobalSection(ProjectConfigurationPlatforms) = postSolution
		{D0C941B5-6B9C-4D20-9FE4-171A585DB9FB}.Debug|Any CPU.ActiveCfg = Debug|Any CPU
		{D0C941B5-6B9C-4D20-9FE4-171A585DB9FB}.Debug|Any CPU.Build.0 = Debug|Any CPU
		{D0C941B5-6B9C-4D20-9FE4-171A585DB9FB}.Release|Any CPU.ActiveCfg = Release|Any CPU
		{D0C941B5-6B9C-4D20-9FE4-171A585DB9FB}.Release|Any CPU.Build.0 = Release|Any CPU
		{CF272698-605A-4CAB-A372-F973C96F7ECA}.Debug|Any CPU.ActiveCfg = Debug|Any CPU
		{CF272698-605A-4CAB-A372-F973C96F7ECA}.Release|Any CPU.ActiveCfg = Release|Any CPU
		{58203CE8-1853-40E4-AE6F-37FBA227F210}.Debug|Any CPU.ActiveCfg = Debug|Any CPU
		{58203CE8-1853-40E4-AE6F-37FBA227F210}.Debug|Any CPU.Build.0 = Debug|Any CPU
		{58203CE8-1853-40E4-AE6F-37FBA227F210}.Release|Any CPU.ActiveCfg = Release|Any CPU
		{58203CE8-1853-40E4-AE6F-37FBA227F210}.Release|Any CPU.Build.0 = Release|Any CPU
		{5D228C31-D605-4B1B-AE3A-E9683707EC74}.Debug|Any CPU.ActiveCfg = Debug|Any CPU
		{5D228C31-D605-4B1B-AE3A-E9683707EC74}.Debug|Any CPU.Build.0 = Debug|Any CPU
		{5D228C31-D605-4B1B-AE3A-E9683707EC74}.Release|Any CPU.ActiveCfg = Release|Any CPU
		{5D228C31-D605-4B1B-AE3A-E9683707EC74}.Release|Any CPU.Build.0 = Release|Any CPU
	EndGlobalSection
	GlobalSection(SolutionProperties) = preSolution
		HideSolutionNode = FALSE
	EndGlobalSection
	GlobalSection(NestedProjects) = preSolution
		{D0C941B5-6B9C-4D20-9FE4-171A585DB9FB} = {15B7CE56-8A6D-49D5-A98E-AD497377AB93}
		{5A1C51DB-EA41-4607-A9CA-19D8AE567589} = {27E943F6-506D-4C0A-991D-F69D84BBDD3B}
		{15B7CE56-8A6D-49D5-A98E-AD497377AB93} = {27E943F6-506D-4C0A-991D-F69D84BBDD3B}
		{58203CE8-1853-40E4-AE6F-37FBA227F210} = {5A1C51DB-EA41-4607-A9CA-19D8AE567589}
		{CB1E9D2D-779F-465E-8C00-2DE0B335479A} = {27E943F6-506D-4C0A-991D-F69D84BBDD3B}
		{5D228C31-D605-4B1B-AE3A-E9683707EC74} = {CB1E9D2D-779F-465E-8C00-2DE0B335479A}
	EndGlobalSection
	GlobalSection(ExtensibilityGlobals) = postSolution
		SolutionGuid = {91141B33-40A1-4A03-8737-58EF9FA945FD}
	EndGlobalSection
EndGlobal
