
Microsoft Visual Studio Solution File, Format Version 12.00
# Visual Studio Version 16
VisualStudioVersion = 16.0.29613.14
MinimumVisualStudioVersion = 10.0.40219.1
Project("{2150E333-8FDC-42A3-9474-1A3956D46DE8}") = "apis", "apis", "{27E943F6-506D-4C0A-991D-F69D84BBDD3B}"
EndProject
Project("{9A19103F-16F7-4668-BE54-9A1E7A4F7556}") = "UserApi", "User\UserApi\UserApi.csproj", "{D0C941B5-6B9C-4D20-9FE4-171A585DB9FB}"
EndProject
Project("{E53339B2-1760-4266-BCC7-CA923CBCF16C}") = "docker-compose", "docker-compose.dcproj", "{CF272698-605A-4CAB-A372-F973C96F7ECA}"
EndProject
Project("{2150E333-8FDC-42A3-9474-1A3956D46DE8}") = "Invoice", "Invoice", "{5A1C51DB-EA41-4607-A9CA-19D8AE567589}"
EndProject
Project("{2150E333-8FDC-42A3-9474-1A3956D46DE8}") = "User", "User", "{15B7CE56-8A6D-49D5-A98E-AD497377AB93}"
EndProject
Project("{9A19103F-16F7-4668-BE54-9A1E7A4F7556}") = "InvoiceApi", "Invoice\InvoiceApi\InvoiceApi.csproj", "{58203CE8-1853-40E4-AE6F-37FBA227F210}"
EndProject
Project("{2150E333-8FDC-42A3-9474-1A3956D46DE8}") = "Basket", "Basket", "{CB1E9D2D-779F-465E-8C00-2DE0B335479A}"
EndProject
Project("{9A19103F-16F7-4668-BE54-9A1E7A4F7556}") = "Basket.Api", "Basket\Basket.Api\Basket.Api.csproj", "{5D228C31-D605-4B1B-AE3A-E9683707EC74}"
EndProject
Project("{2150E333-8FDC-42A3-9474-1A3956D46DE8}") = "ReverseProxy", "ReverseProxy", "{F9631BBD-339F-45AB-9D83-40A3C72F7A81}"
EndProject
Project("{9A19103F-16F7-4668-BE54-9A1E7A4F7556}") = "APIGateway", "ReverseProxy\APIGateway\APIGateway.csproj", "{959F415A-945A-4A97-AB64-74F51E5D478A}"
EndProject
Project("{2150E333-8FDC-42A3-9474-1A3956D46DE8}") = "Product", "Product", "{57717739-0B7E-47DF-A71B-528DF57AEDBD}"
EndProject
Project("{9A19103F-16F7-4668-BE54-9A1E7A4F7556}") = "ProductApi", "Product\ProductApi\ProductApi.csproj", "{356D8D67-24BA-474E-B920-20F8EEE99725}"
EndProject
Project("{9A19103F-16F7-4668-BE54-9A1E7A4F7556}") = "Invoice.Domain", "Invoice\Invoice.Domain\Invoice.Domain.csproj", "{0C4BEE5F-4C9B-4B1D-A5C6-9A21EFA949E5}"
EndProject
Project("{9A19103F-16F7-4668-BE54-9A1E7A4F7556}") = "Invocie.Core", "Invoice\Invocie.Core\Invocie.Core.csproj", "{DE309004-6322-4404-BFBD-339F54719DD9}"
EndProject
Project("{9A19103F-16F7-4668-BE54-9A1E7A4F7556}") = "Invoice.Infrastructure", "Invoice\Invoice.Infrastructure\Invoice.Infrastructure.csproj", "{B3C8ACC2-8791-4CC6-BFE3-5539F8892BFA}"
EndProject
Project("{2150E333-8FDC-42A3-9474-1A3956D46DE8}") = "CrossCuttings", "CrossCuttings", "{7161B7E6-0988-44D6-BCA8-884439F2548D}"
EndProject
Project("{9A19103F-16F7-4668-BE54-9A1E7A4F7556}") = "EventBus", "CrossCuttings\EventBus\EventBus.csproj", "{735DEF25-7EBE-43A4-997C-BF7CDE190F36}"
EndProject
Project("{9A19103F-16F7-4668-BE54-9A1E7A4F7556}") = "LoggingLibrary", "CrossCuttings\LoggingLibrary\LoggingLibrary.csproj", "{0F8B1F60-DDCF-4F94-840B-A27FA58F6E58}"
EndProject
Project("{2150E333-8FDC-42A3-9474-1A3956D46DE8}") = "AppClients", "AppClients", "{767A4DDB-2DB9-42D7-8EFE-7F6E2895BD3D}"
EndProject
Project("{9A19103F-16F7-4668-BE54-9A1E7A4F7556}") = "SPAClient", "AppClients\SPAClient\SPAClient.csproj", "{987B4EAD-EF78-4230-A335-C289F34A7AE5}"
EndProject
Project("{9A19103F-16F7-4668-BE54-9A1E7A4F7556}") = "WatchStatusApp", "AppClients\WatchStatus\WatchStatusApp\WatchStatusApp.csproj", "{C5A0C3DA-7486-4FAD-97AC-51AFC9DC2552}"
EndProject
Global
	GlobalSection(SolutionConfigurationPlatforms) = preSolution
		Debug|Any CPU = Debug|Any CPU
		Release|Any CPU = Release|Any CPU
	EndGlobalSection
	GlobalSection(ProjectConfigurationPlatforms) = postSolution
		{D0C941B5-6B9C-4D20-9FE4-171A585DB9FB}.Debug|Any CPU.ActiveCfg = Debug|Any CPU
		{D0C941B5-6B9C-4D20-9FE4-171A585DB9FB}.Debug|Any CPU.Build.0 = Debug|Any CPU
		{D0C941B5-6B9C-4D20-9FE4-171A585DB9FB}.Release|Any CPU.ActiveCfg = Release|Any CPU
		{D0C941B5-6B9C-4D20-9FE4-171A585DB9FB}.Release|Any CPU.Build.0 = Release|Any CPU
		{CF272698-605A-4CAB-A372-F973C96F7ECA}.Debug|Any CPU.ActiveCfg = Debug|Any CPU
		{CF272698-605A-4CAB-A372-F973C96F7ECA}.Release|Any CPU.ActiveCfg = Release|Any CPU
		{58203CE8-1853-40E4-AE6F-37FBA227F210}.Debug|Any CPU.ActiveCfg = Debug|Any CPU
		{58203CE8-1853-40E4-AE6F-37FBA227F210}.Debug|Any CPU.Build.0 = Debug|Any CPU
		{58203CE8-1853-40E4-AE6F-37FBA227F210}.Release|Any CPU.ActiveCfg = Release|Any CPU
		{58203CE8-1853-40E4-AE6F-37FBA227F210}.Release|Any CPU.Build.0 = Release|Any CPU
		{5D228C31-D605-4B1B-AE3A-E9683707EC74}.Debug|Any CPU.ActiveCfg = Debug|Any CPU
		{5D228C31-D605-4B1B-AE3A-E9683707EC74}.Debug|Any CPU.Build.0 = Debug|Any CPU
		{5D228C31-D605-4B1B-AE3A-E9683707EC74}.Release|Any CPU.ActiveCfg = Release|Any CPU
		{5D228C31-D605-4B1B-AE3A-E9683707EC74}.Release|Any CPU.Build.0 = Release|Any CPU
		{959F415A-945A-4A97-AB64-74F51E5D478A}.Debug|Any CPU.ActiveCfg = Debug|Any CPU
		{959F415A-945A-4A97-AB64-74F51E5D478A}.Debug|Any CPU.Build.0 = Debug|Any CPU
		{959F415A-945A-4A97-AB64-74F51E5D478A}.Release|Any CPU.ActiveCfg = Release|Any CPU
		{959F415A-945A-4A97-AB64-74F51E5D478A}.Release|Any CPU.Build.0 = Release|Any CPU
		{356D8D67-24BA-474E-B920-20F8EEE99725}.Debug|Any CPU.ActiveCfg = Debug|Any CPU
		{356D8D67-24BA-474E-B920-20F8EEE99725}.Debug|Any CPU.Build.0 = Debug|Any CPU
		{356D8D67-24BA-474E-B920-20F8EEE99725}.Release|Any CPU.ActiveCfg = Release|Any CPU
		{356D8D67-24BA-474E-B920-20F8EEE99725}.Release|Any CPU.Build.0 = Release|Any CPU
		{0C4BEE5F-4C9B-4B1D-A5C6-9A21EFA949E5}.Debug|Any CPU.ActiveCfg = Debug|Any CPU
		{0C4BEE5F-4C9B-4B1D-A5C6-9A21EFA949E5}.Debug|Any CPU.Build.0 = Debug|Any CPU
		{0C4BEE5F-4C9B-4B1D-A5C6-9A21EFA949E5}.Release|Any CPU.ActiveCfg = Release|Any CPU
		{0C4BEE5F-4C9B-4B1D-A5C6-9A21EFA949E5}.Release|Any CPU.Build.0 = Release|Any CPU
		{DE309004-6322-4404-BFBD-339F54719DD9}.Debug|Any CPU.ActiveCfg = Debug|Any CPU
		{DE309004-6322-4404-BFBD-339F54719DD9}.Debug|Any CPU.Build.0 = Debug|Any CPU
		{DE309004-6322-4404-BFBD-339F54719DD9}.Release|Any CPU.ActiveCfg = Release|Any CPU
		{DE309004-6322-4404-BFBD-339F54719DD9}.Release|Any CPU.Build.0 = Release|Any CPU
		{B3C8ACC2-8791-4CC6-BFE3-5539F8892BFA}.Debug|Any CPU.ActiveCfg = Debug|Any CPU
		{B3C8ACC2-8791-4CC6-BFE3-5539F8892BFA}.Debug|Any CPU.Build.0 = Debug|Any CPU
		{B3C8ACC2-8791-4CC6-BFE3-5539F8892BFA}.Release|Any CPU.ActiveCfg = Release|Any CPU
		{B3C8ACC2-8791-4CC6-BFE3-5539F8892BFA}.Release|Any CPU.Build.0 = Release|Any CPU
		{735DEF25-7EBE-43A4-997C-BF7CDE190F36}.Debug|Any CPU.ActiveCfg = Debug|Any CPU
		{735DEF25-7EBE-43A4-997C-BF7CDE190F36}.Debug|Any CPU.Build.0 = Debug|Any CPU
		{735DEF25-7EBE-43A4-997C-BF7CDE190F36}.Release|Any CPU.ActiveCfg = Release|Any CPU
		{735DEF25-7EBE-43A4-997C-BF7CDE190F36}.Release|Any CPU.Build.0 = Release|Any CPU
		{0F8B1F60-DDCF-4F94-840B-A27FA58F6E58}.Debug|Any CPU.ActiveCfg = Debug|Any CPU
		{0F8B1F60-DDCF-4F94-840B-A27FA58F6E58}.Debug|Any CPU.Build.0 = Debug|Any CPU
		{0F8B1F60-DDCF-4F94-840B-A27FA58F6E58}.Release|Any CPU.ActiveCfg = Release|Any CPU
		{0F8B1F60-DDCF-4F94-840B-A27FA58F6E58}.Release|Any CPU.Build.0 = Release|Any CPU
		{987B4EAD-EF78-4230-A335-C289F34A7AE5}.Debug|Any CPU.ActiveCfg = Debug|Any CPU
		{987B4EAD-EF78-4230-A335-C289F34A7AE5}.Debug|Any CPU.Build.0 = Debug|Any CPU
		{987B4EAD-EF78-4230-A335-C289F34A7AE5}.Release|Any CPU.ActiveCfg = Release|Any CPU
		{987B4EAD-EF78-4230-A335-C289F34A7AE5}.Release|Any CPU.Build.0 = Release|Any CPU
		{C5A0C3DA-7486-4FAD-97AC-51AFC9DC2552}.Debug|Any CPU.ActiveCfg = Debug|Any CPU
		{C5A0C3DA-7486-4FAD-97AC-51AFC9DC2552}.Debug|Any CPU.Build.0 = Debug|Any CPU
		{C5A0C3DA-7486-4FAD-97AC-51AFC9DC2552}.Release|Any CPU.ActiveCfg = Release|Any CPU
		{C5A0C3DA-7486-4FAD-97AC-51AFC9DC2552}.Release|Any CPU.Build.0 = Release|Any CPU
	EndGlobalSection
	GlobalSection(SolutionProperties) = preSolution
		HideSolutionNode = FALSE
	EndGlobalSection
	GlobalSection(NestedProjects) = preSolution
		{D0C941B5-6B9C-4D20-9FE4-171A585DB9FB} = {15B7CE56-8A6D-49D5-A98E-AD497377AB93}
		{5A1C51DB-EA41-4607-A9CA-19D8AE567589} = {27E943F6-506D-4C0A-991D-F69D84BBDD3B}
		{15B7CE56-8A6D-49D5-A98E-AD497377AB93} = {27E943F6-506D-4C0A-991D-F69D84BBDD3B}
		{58203CE8-1853-40E4-AE6F-37FBA227F210} = {5A1C51DB-EA41-4607-A9CA-19D8AE567589}
		{CB1E9D2D-779F-465E-8C00-2DE0B335479A} = {27E943F6-506D-4C0A-991D-F69D84BBDD3B}
		{5D228C31-D605-4B1B-AE3A-E9683707EC74} = {CB1E9D2D-779F-465E-8C00-2DE0B335479A}
		{959F415A-945A-4A97-AB64-74F51E5D478A} = {F9631BBD-339F-45AB-9D83-40A3C72F7A81}
		{57717739-0B7E-47DF-A71B-528DF57AEDBD} = {27E943F6-506D-4C0A-991D-F69D84BBDD3B}
		{356D8D67-24BA-474E-B920-20F8EEE99725} = {57717739-0B7E-47DF-A71B-528DF57AEDBD}
		{0C4BEE5F-4C9B-4B1D-A5C6-9A21EFA949E5} = {5A1C51DB-EA41-4607-A9CA-19D8AE567589}
		{DE309004-6322-4404-BFBD-339F54719DD9} = {5A1C51DB-EA41-4607-A9CA-19D8AE567589}
		{B3C8ACC2-8791-4CC6-BFE3-5539F8892BFA} = {5A1C51DB-EA41-4607-A9CA-19D8AE567589}
		{735DEF25-7EBE-43A4-997C-BF7CDE190F36} = {7161B7E6-0988-44D6-BCA8-884439F2548D}
		{0F8B1F60-DDCF-4F94-840B-A27FA58F6E58} = {7161B7E6-0988-44D6-BCA8-884439F2548D}
		{987B4EAD-EF78-4230-A335-C289F34A7AE5} = {767A4DDB-2DB9-42D7-8EFE-7F6E2895BD3D}
		{C5A0C3DA-7486-4FAD-97AC-51AFC9DC2552} = {767A4DDB-2DB9-42D7-8EFE-7F6E2895BD3D}
	EndGlobalSection
	GlobalSection(ExtensibilityGlobals) = postSolution
		SolutionGuid = {91141B33-40A1-4A03-8737-58EF9FA945FD}
	EndGlobalSection
EndGlobal
